{
  "requires": true,
  "lockfileVersion": 1,
  "dependencies": {
    "@fortawesome/fontawesome-free": {
      "version": "5.15.3",
      "resolved": "https://registry.npmjs.org/@fortawesome/fontawesome-free/-/fontawesome-free-5.15.3.tgz",
      "integrity": "sha512-rFnSUN/QOtnOAgqFRooTA3H57JLDm0QEG/jPdk+tLQNL/eWd+Aok8g3qCI+Q1xuDPWpGW/i9JySpJVsq8Q0s9w=="
    },
    "@popperjs/core": {
      "version": "2.9.2",
      "resolved": "https://registry.npmjs.org/@popperjs/core/-/core-2.9.2.tgz",
      "integrity": "sha512-VZMYa7+fXHdwIq1TDhSXoVmSPEGM/aa+6Aiq3nVVJ9bXr24zScr+NlKFKC3iPljA7ho/GAZr+d2jOf5GIRC30Q=="
    },
    "bootstrap": {
      "version": "5.0.0-beta3",
      "resolved": "https://registry.npmjs.org/bootstrap/-/bootstrap-5.0.0-beta3.tgz",
      "integrity": "sha512-0urccjfIOzhrb9qJysN8XW/DRw6rg3zH7qLeKIp4Zyl8+Ens4JWB0NC0cB5AhnSFPd2tftRggjwCMxablo6Tpg=="
    },
    "bootstrap-icons": {
      "version": "1.4.1",
      "resolved": "https://registry.npmjs.org/bootstrap-icons/-/bootstrap-icons-1.4.1.tgz",
      "integrity": "sha512-EcATaAGsRgyy4NtnwXlNzkgWttpb6PqcXCoLtZZKdZtAYJU/WYqoQFxuGFKAppOlf7NmKpvGtSsC/921H7LIjg=="
    },
    "bootstrap-validator": {
      "version": "0.11.9",
      "resolved": "https://registry.npmjs.org/bootstrap-validator/-/bootstrap-validator-0.11.9.tgz",
      "integrity": "sha1-+3BY7vU2I+ePWqeWcCb5j4dalAQ="
    },
    "smartwizard": {
      "version": "5.1.1",
      "resolved": "https://registry.npmjs.org/smartwizard/-/smartwizard-5.1.1.tgz",
      "integrity": "sha512-AFeP/zDXOEE4/AsHTsWIHQC/HyJlavOus7EtCs2nwsh1MkRDNtRFFadOLXCw7BlgT9xExQwmSIqxZdXKHuyFrw=="
    }
  }
}
